// !$*UTF8*$!
{
	archiveVersion = 1;
	classes = {
	};
	objectVersion = 46;
	objects = {

/* Begin PBXBuildFile section */
		930771541F53F5DD008B2D24 /* Result.swift in Sources */ = {isa = PBXBuildFile; fileRef = 930771531F53F5DD008B2D24 /* Result.swift */; };
		9307715A1F540398008B2D24 /* LocalizedError.swift in Sources */ = {isa = PBXBuildFile; fileRef = 930771591F540398008B2D24 /* LocalizedError.swift */; };
		933926091F530FB400A5F590 /* Comment.swift in Sources */ = {isa = PBXBuildFile; fileRef = 933926081F530FB400A5F590 /* Comment.swift */; };
		935F83D01F51465B005AC5FB /* AppDelegate.swift in Sources */ = {isa = PBXBuildFile; fileRef = 935F83CF1F51465B005AC5FB /* AppDelegate.swift */; };
		935F83D81F51465B005AC5FB /* JSON.xcdatamodeld in Sources */ = {isa = PBXBuildFile; fileRef = 935F83D61F51465B005AC5FB /* JSON.xcdatamodeld */; };
		935F83DA1F51465B005AC5FB /* Assets.xcassets in Resources */ = {isa = PBXBuildFile; fileRef = 935F83D91F51465B005AC5FB /* Assets.xcassets */; };
		935F83DD1F51465B005AC5FB /* LaunchScreen.storyboard in Resources */ = {isa = PBXBuildFile; fileRef = 935F83DB1F51465B005AC5FB /* LaunchScreen.storyboard */; };
		935F83E61F514700005AC5FB /* PostTableViewController.swift in Sources */ = {isa = PBXBuildFile; fileRef = 935F83E51F514700005AC5FB /* PostTableViewController.swift */; };
		935F83E81F51494D005AC5FB /* CommentTableViewController.swift in Sources */ = {isa = PBXBuildFile; fileRef = 935F83E71F51494D005AC5FB /* CommentTableViewController.swift */; };
		935F83F21F514C3B005AC5FB /* Post.swift in Sources */ = {isa = PBXBuildFile; fileRef = 935F83F11F514C3B005AC5FB /* Post.swift */; };
		935F83F41F51621A005AC5FB /* NetworkHandler.swift in Sources */ = {isa = PBXBuildFile; fileRef = 935F83F31F516219005AC5FB /* NetworkHandler.swift */; };
		935F83F71F5193EB005AC5FB /* Caller.swift in Sources */ = {isa = PBXBuildFile; fileRef = 935F83F61F5193EB005AC5FB /* Caller.swift */; };
		935F83F91F5193F5005AC5FB /* AsyncCompleter.swift in Sources */ = {isa = PBXBuildFile; fileRef = 935F83F81F5193F5005AC5FB /* AsyncCompleter.swift */; };
		A9FE8B441F683BA00016A749 /* BaseTableViewController.swift in Sources */ = {isa = PBXBuildFile; fileRef = A9FE8B431F683BA00016A749 /* BaseTableViewController.swift */; };
/* End PBXBuildFile section */

/* Begin PBXFileReference section */
		930771531F53F5DD008B2D24 /* Result.swift */ = {isa = PBXFileReference; fileEncoding = 4; lastKnownFileType = sourcecode.swift; path = Result.swift; sourceTree = "<group>"; };
		930771591F540398008B2D24 /* LocalizedError.swift */ = {isa = PBXFileReference; fileEncoding = 4; lastKnownFileType = sourcecode.swift; path = LocalizedError.swift; sourceTree = "<group>"; };
		933926081F530FB400A5F590 /* Comment.swift */ = {isa = PBXFileReference; fileEncoding = 4; lastKnownFileType = sourcecode.swift; path = Comment.swift; sourceTree = "<group>"; };
		935F83CC1F51465B005AC5FB /* JSON.app */ = {isa = PBXFileReference; explicitFileType = wrapper.application; includeInIndex = 0; path = JSON.app; sourceTree = BUILT_PRODUCTS_DIR; };
		935F83CF1F51465B005AC5FB /* AppDelegate.swift */ = {isa = PBXFileReference; lastKnownFileType = sourcecode.swift; path = AppDelegate.swift; sourceTree = "<group>"; };
		935F83D71F51465B005AC5FB /* JSON.xcdatamodel */ = {isa = PBXFileReference; lastKnownFileType = wrapper.xcdatamodel; path = JSON.xcdatamodel; sourceTree = "<group>"; };
		935F83D91F51465B005AC5FB /* Assets.xcassets */ = {isa = PBXFileReference; lastKnownFileType = folder.assetcatalog; path = Assets.xcassets; sourceTree = "<group>"; };
		935F83DC1F51465B005AC5FB /* Base */ = {isa = PBXFileReference; lastKnownFileType = file.storyboard; name = Base; path = Base.lproj/LaunchScreen.storyboard; sourceTree = "<group>"; };
		935F83DE1F51465B005AC5FB /* Info.plist */ = {isa = PBXFileReference; lastKnownFileType = text.plist.xml; path = Info.plist; sourceTree = "<group>"; };
		935F83E51F514700005AC5FB /* PostTableViewController.swift */ = {isa = PBXFileReference; fileEncoding = 4; lastKnownFileType = sourcecode.swift; path = PostTableViewController.swift; sourceTree = "<group>"; };
		935F83E71F51494D005AC5FB /* CommentTableViewController.swift */ = {isa = PBXFileReference; fileEncoding = 4; lastKnownFileType = sourcecode.swift; path = CommentTableViewController.swift; sourceTree = "<group>"; };
		935F83F11F514C3B005AC5FB /* Post.swift */ = {isa = PBXFileReference; fileEncoding = 4; lastKnownFileType = sourcecode.swift; path = Post.swift; sourceTree = "<group>"; };
		935F83F31F516219005AC5FB /* NetworkHandler.swift */ = {isa = PBXFileReference; fileEncoding = 4; lastKnownFileType = sourcecode.swift; path = NetworkHandler.swift; sourceTree = "<group>"; };
		935F83F61F5193EB005AC5FB /* Caller.swift */ = {isa = PBXFileReference; fileEncoding = 4; lastKnownFileType = sourcecode.swift; path = Caller.swift; sourceTree = "<group>"; };
		935F83F81F5193F5005AC5FB /* AsyncCompleter.swift */ = {isa = PBXFileReference; fileEncoding = 4; lastKnownFileType = sourcecode.swift; path = AsyncCompleter.swift; sourceTree = "<group>"; };
		A9FE8B431F683BA00016A749 /* BaseTableViewController.swift */ = {isa = PBXFileReference; lastKnownFileType = sourcecode.swift; path = BaseTableViewController.swift; sourceTree = "<group>"; };
/* End PBXFileReference section */

/* Begin PBXFrameworksBuildPhase section */
		935F83C91F51465B005AC5FB /* Frameworks */ = {
			isa = PBXFrameworksBuildPhase;
			buildActionMask = 2147483647;
			files = (
			);
			runOnlyForDeploymentPostprocessing = 0;
		};
/* End PBXFrameworksBuildPhase section */

/* Begin PBXGroup section */
		935F83C31F51465B005AC5FB = {
			isa = PBXGroup;
			children = (
				935F83CE1F51465B005AC5FB /* JSON */,
				935F83CD1F51465B005AC5FB /* Products */,
			);
			sourceTree = "<group>";
		};
		935F83CD1F51465B005AC5FB /* Products */ = {
			isa = PBXGroup;
			children = (
				935F83CC1F51465B005AC5FB /* JSON.app */,
			);
			name = Products;
			sourceTree = "<group>";
		};
		935F83CE1F51465B005AC5FB /* JSON */ = {
			isa = PBXGroup;
			children = (
				935F83F51F5193E0005AC5FB /* TheisExample */,
				935F83CF1F51465B005AC5FB /* AppDelegate.swift */,
				935F83EA1F514B97005AC5FB /* Network */,
				935F83E91F514B87005AC5FB /* Models */,
				935F83E41F5146C0005AC5FB /* Controllers */,
				935F83D91F51465B005AC5FB /* Assets.xcassets */,
				935F83DB1F51465B005AC5FB /* LaunchScreen.storyboard */,
				935F83DE1F51465B005AC5FB /* Info.plist */,
				935F83D61F51465B005AC5FB /* JSON.xcdatamodeld */,
			);
			path = JSON;
			sourceTree = "<group>";
		};
		935F83E41F5146C0005AC5FB /* Controllers */ = {
			isa = PBXGroup;
			children = (
				A9FE8B431F683BA00016A749 /* BaseTableViewController.swift */,
				935F83E51F514700005AC5FB /* PostTableViewController.swift */,
				935F83E71F51494D005AC5FB /* CommentTableViewController.swift */,
			);
			name = Controllers;
			sourceTree = "<group>";
		};
		935F83E91F514B87005AC5FB /* Models */ = {
			isa = PBXGroup;
			children = (
				935F83F11F514C3B005AC5FB /* Post.swift */,
				933926081F530FB400A5F590 /* Comment.swift */,
			);
			name = Models;
			sourceTree = "<group>";
		};
		935F83EA1F514B97005AC5FB /* Network */ = {
			isa = PBXGroup;
			children = (
				930771531F53F5DD008B2D24 /* Result.swift */,
				930771591F540398008B2D24 /* LocalizedError.swift */,
				935F83F31F516219005AC5FB /* NetworkHandler.swift */,
			);
			name = Network;
			sourceTree = "<group>";
		};
		935F83F51F5193E0005AC5FB /* TheisExample */ = {
			isa = PBXGroup;
			children = (
				935F83F61F5193EB005AC5FB /* Caller.swift */,
				935F83F81F5193F5005AC5FB /* AsyncCompleter.swift */,
			);
			name = TheisExample;
			sourceTree = "<group>";
		};
/* End PBXGroup section */

/* Begin PBXNativeTarget section */
		935F83CB1F51465B005AC5FB /* JSON */ = {
			isa = PBXNativeTarget;
			buildConfigurationList = 935F83E11F51465B005AC5FB /* Build configuration list for PBXNativeTarget "JSON" */;
			buildPhases = (
				935F83C81F51465B005AC5FB /* Sources */,
				935F83C91F51465B005AC5FB /* Frameworks */,
				935F83CA1F51465B005AC5FB /* Resources */,
			);
			buildRules = (
			);
			dependencies = (
			);
			name = JSON;
			productName = JSON;
			productReference = 935F83CC1F51465B005AC5FB /* JSON.app */;
			productType = "com.apple.product-type.application";
		};
/* End PBXNativeTarget section */

/* Begin PBXProject section */
		935F83C41F51465B005AC5FB /* Project object */ = {
			isa = PBXProject;
			attributes = {
				LastSwiftUpdateCheck = 0830;
				LastUpgradeCheck = 0830;
				ORGANIZATIONNAME = "Tørk Egeberg";
				TargetAttributes = {
					935F83CB1F51465B005AC5FB = {
						CreatedOnToolsVersion = 8.3.3;
						ProvisioningStyle = Automatic;
					};
				};
			};
			buildConfigurationList = 935F83C71F51465B005AC5FB /* Build configuration list for PBXProject "JSON" */;
			compatibilityVersion = "Xcode 3.2";
			developmentRegion = English;
			hasScannedForEncodings = 0;
			knownRegions = (
				en,
				Base,
			);
			mainGroup = 935F83C31F51465B005AC5FB;
			productRefGroup = 935F83CD1F51465B005AC5FB /* Products */;
			projectDirPath = "";
			projectRoot = "";
			targets = (
				935F83CB1F51465B005AC5FB /* JSON */,
			);
		};
/* End PBXProject section */

/* Begin PBXResourcesBuildPhase section */
		935F83CA1F51465B005AC5FB /* Resources */ = {
			isa = PBXResourcesBuildPhase;
			buildActionMask = 2147483647;
			files = (
				935F83DD1F51465B005AC5FB /* LaunchScreen.storyboard in Resources */,
				935F83DA1F51465B005AC5FB /* Assets.xcassets in Resources */,
			);
			runOnlyForDeploymentPostprocessing = 0;
		};
/* End PBXResourcesBuildPhase section */

/* Begin PBXSourcesBuildPhase section */
		935F83C81F51465B005AC5FB /* Sources */ = {
			isa = PBXSourcesBuildPhase;
			buildActionMask = 2147483647;
			files = (
				9307715A1F540398008B2D24 /* LocalizedError.swift in Sources */,
				935F83F91F5193F5005AC5FB /* AsyncCompleter.swift in Sources */,
				933926091F530FB400A5F590 /* Comment.swift in Sources */,
				935F83D81F51465B005AC5FB /* JSON.xcdatamodeld in Sources */,
				935F83F71F5193EB005AC5FB /* Caller.swift in Sources */,
				935F83E61F514700005AC5FB /* PostTableViewController.swift in Sources */,
				A9FE8B441F683BA00016A749 /* BaseTableViewController.swift in Sources */,
				935F83F41F51621A005AC5FB /* NetworkHandler.swift in Sources */,
				935F83E81F51494D005AC5FB /* CommentTableViewController.swift in Sources */,
				935F83D01F51465B005AC5FB /* AppDelegate.swift in Sources */,
				935F83F21F514C3B005AC5FB /* Post.swift in Sources */,
				930771541F53F5DD008B2D24 /* Result.swift in Sources */,
			);
			runOnlyForDeploymentPostprocessing = 0;
		};
/* End PBXSourcesBuildPhase section */

/* Begin PBXVariantGroup section */
		935F83DB1F51465B005AC5FB /* LaunchScreen.storyboard */ = {
			isa = PBXVariantGroup;
			children = (
				935F83DC1F51465B005AC5FB /* Base */,
			);
			name = LaunchScreen.storyboard;
			sourceTree = "<group>";
		};
/* End PBXVariantGroup section */

/* Begin XCBuildConfiguration section */
		935F83DF1F51465B005AC5FB /* Debug */ = {
			isa = XCBuildConfiguration;
			buildSettings = {
				ALWAYS_SEARCH_USER_PATHS = NO;
				CLANG_ANALYZER_NONNULL = YES;
				CLANG_ANALYZER_NUMBER_OBJECT_CONVERSION = YES_AGGRESSIVE;
				CLANG_CXX_LANGUAGE_STANDARD = "gnu++0x";
				CLANG_CXX_LIBRARY = "libc++";
				CLANG_ENABLE_MODULES = YES;
				CLANG_ENABLE_OBJC_ARC = YES;
				CLANG_WARN_BOOL_CONVERSION = YES;
				CLANG_WARN_CONSTANT_CONVERSION = YES;
				CLANG_WARN_DIRECT_OBJC_ISA_USAGE = YES_ERROR;
				CLANG_WARN_DOCUMENTATION_COMMENTS = YES;
				CLANG_WARN_EMPTY_BODY = YES;
				CLANG_WARN_ENUM_CONVERSION = YES;
				CLANG_WARN_INFINITE_RECURSION = YES;
				CLANG_WARN_INT_CONVERSION = YES;
				CLANG_WARN_OBJC_ROOT_CLASS = YES_ERROR;
				CLANG_WARN_SUSPICIOUS_MOVE = YES;
				CLANG_WARN_UNREACHABLE_CODE = YES;
				CLANG_WARN__DUPLICATE_METHOD_MATCH = YES;
				"CODE_SIGN_IDENTITY[sdk=iphoneos*]" = "iPhone Developer";
				COPY_PHASE_STRIP = NO;
				DEBUG_INFORMATION_FORMAT = dwarf;
				ENABLE_STRICT_OBJC_MSGSEND = YES;
				ENABLE_TESTABILITY = YES;
				GCC_C_LANGUAGE_STANDARD = gnu99;
				GCC_DYNAMIC_NO_PIC = NO;
				GCC_NO_COMMON_BLOCKS = YES;
				GCC_OPTIMIZATION_LEVEL = 0;
				GCC_PREPROCESSOR_DEFINITIONS = (
					"DEBUG=1",
					"$(inherited)",
				);
				GCC_WARN_64_TO_32_BIT_CONVERSION = YES;
				GCC_WARN_ABOUT_RETURN_TYPE = YES_ERROR;
				GCC_WARN_UNDECLARED_SELECTOR = YES;
				GCC_WARN_UNINITIALIZED_AUTOS = YES_AGGRESSIVE;
				GCC_WARN_UNUSED_FUNCTION = YES;
				GCC_WARN_UNUSED_VARIABLE = YES;
				IPHONEOS_DEPLOYMENT_TARGET = 10.3;
				MTL_ENABLE_DEBUG_INFO = YES;
				ONLY_ACTIVE_ARCH = YES;
				SDKROOT = iphoneos;
				SWIFT_ACTIVE_COMPILATION_CONDITIONS = DEBUG;
				SWIFT_OPTIMIZATION_LEVEL = "-Onone";
			};
			name = Debug;
		};
		935F83E01F51465B005AC5FB /* Release */ = {
			isa = XCBuildConfiguration;
			buildSettings = {
				ALWAYS_SEARCH_USER_PATHS = NO;
				CLANG_ANALYZER_NONNULL = YES;
				CLANG_ANALYZER_NUMBER_OBJECT_CONVERSION = YES_AGGRESSIVE;
				CLANG_CXX_LANGUAGE_STANDARD = "gnu++0x";
				CLANG_CXX_LIBRARY = "libc++";
				CLANG_ENABLE_MODULES = YES;
				CLANG_ENABLE_OBJC_ARC = YES;
				CLANG_WARN_BOOL_CONVERSION = YES;
				CLANG_WARN_CONSTANT_CONVERSION = YES;
				CLANG_WARN_DIRECT_OBJC_ISA_USAGE = YES_ERROR;
				CLANG_WARN_DOCUMENTATION_COMMENTS = YES;
				CLANG_WARN_EMPTY_BODY = YES;
				CLANG_WARN_ENUM_CONVERSION = YES;
				CLANG_WARN_INFINITE_RECURSION = YES;
				CLANG_WARN_INT_CONVERSION = YES;
				CLANG_WARN_OBJC_ROOT_CLASS = YES_ERROR;
				CLANG_WARN_SUSPICIOUS_MOVE = YES;
				CLANG_WARN_UNREACHABLE_CODE = YES;
				CLANG_WARN__DUPLICATE_METHOD_MATCH = YES;
				"CODE_SIGN_IDENTITY[sdk=iphoneos*]" = "iPhone Developer";
				COPY_PHASE_STRIP = NO;
				DEBUG_INFORMATION_FORMAT = "dwarf-with-dsym";
				ENABLE_NS_ASSERTIONS = NO;
				ENABLE_STRICT_OBJC_MSGSEND = YES;
				GCC_C_LANGUAGE_STANDARD = gnu99;
				GCC_NO_COMMON_BLOCKS = YES;
				GCC_WARN_64_TO_32_BIT_CONVERSION = YES;
				GCC_WARN_ABOUT_RETURN_TYPE = YES_ERROR;
				GCC_WARN_UNDECLARED_SELECTOR = YES;
				GCC_WARN_UNINITIALIZED_AUTOS = YES_AGGRESSIVE;
				GCC_WARN_UNUSED_FUNCTION = YES;
				GCC_WARN_UNUSED_VARIABLE = YES;
				IPHONEOS_DEPLOYMENT_TARGET = 10.3;
				MTL_ENABLE_DEBUG_INFO = NO;
				SDKROOT = iphoneos;
				SWIFT_OPTIMIZATION_LEVEL = "-Owholemodule";
				VALIDATE_PRODUCT = YES;
			};
			name = Release;
		};
		935F83E21F51465B005AC5FB /* Debug */ = {
			isa = XCBuildConfiguration;
			buildSettings = {
				ASSETCATALOG_COMPILER_APPICON_NAME = AppIcon;
				INFOPLIST_FILE = JSON/Info.plist;
				LD_RUNPATH_SEARCH_PATHS = "$(inherited) @executable_path/Frameworks";
				PRODUCT_BUNDLE_IDENTIFIER = com.TBE.JSON;
				PRODUCT_NAME = "$(TARGET_NAME)";
				SWIFT_VERSION = 3.0;
			};
			name = Debug;
		};
		935F83E31F51465B005AC5FB /* Release */ = {
			isa = XCBuildConfiguration;
			buildSettings = {
				ASSETCATALOG_COMPILER_APPICON_NAME = AppIcon;
				INFOPLIST_FILE = JSON/Info.plist;
				LD_RUNPATH_SEARCH_PATHS = "$(inherited) @executable_path/Frameworks";
				PRODUCT_BUNDLE_IDENTIFIER = com.TBE.JSON;
				PRODUCT_NAME = "$(TARGET_NAME)";
				SWIFT_VERSION = 3.0;
			};
			name = Release;
		};
/* End XCBuildConfiguration section */

/* Begin XCConfigurationList section */
		935F83C71F51465B005AC5FB /* Build configuration list for PBXProject "JSON" */ = {
			isa = XCConfigurationList;
			buildConfigurations = (
				935F83DF1F51465B005AC5FB /* Debug */,
				935F83E01F51465B005AC5FB /* Release */,
			);
			defaultConfigurationIsVisible = 0;
			defaultConfigurationName = Release;
		};
		935F83E11F51465B005AC5FB /* Build configuration list for PBXNativeTarget "JSON" */ = {
			isa = XCConfigurationList;
			buildConfigurations = (
				935F83E21F51465B005AC5FB /* Debug */,
				935F83E31F51465B005AC5FB /* Release */,
			);
			defaultConfigurationIsVisible = 0;
			defaultConfigurationName = Release;
		};
/* End XCConfigurationList section */

/* Begin XCVersionGroup section */
		935F83D61F51465B005AC5FB /* JSON.xcdatamodeld */ = {
			isa = XCVersionGroup;
			children = (
				935F83D71F51465B005AC5FB /* JSON.xcdatamodel */,
			);
			currentVersion = 935F83D71F51465B005AC5FB /* JSON.xcdatamodel */;
			path = JSON.xcdatamodeld;
			sourceTree = "<group>";
			versionGroupType = wrapper.xcdatamodel;
		};
/* End XCVersionGroup section */
	};
	rootObject = 935F83C41F51465B005AC5FB /* Project object */;
}
